// !$*UTF8*$!
{
	archiveVersion = 1;
	classes = {
	};
	objectVersion = 54;
	objects = {

/* Begin PBXBuildFile section */
		00E356F31AD99517003FC87E /* woodappTests.m in Sources */ = {isa = PBXBuildFile; fileRef = 00E356F21AD99517003FC87E /* woodappTests.m */; };
		0C80B921A6F3F58F76C31292 /* libPods-woodapp.a in Frameworks */ = {isa = PBXBuildFile; fileRef = 5DCACB8F33CDC322A6C60F78 /* libPods-woodapp.a */; };
		13B07FBC1A68108700A75B9A /* AppDelegate.mm in Sources */ = {isa = PBXBuildFile; fileRef = 13B07FB01A68108700A75B9A /* AppDelegate.mm */; };
		13B07FBF1A68108700A75B9A /* Images.xcassets in Resources */ = {isa = PBXBuildFile; fileRef = 13B07FB51A68108700A75B9A /* Images.xcassets */; };
		13B07FC11A68108700A75B9A /* main.m in Sources */ = {isa = PBXBuildFile; fileRef = 13B07FB71A68108700A75B9A /* main.m */; };
		7699B88040F8A987B510C191 /* libPods-woodapp-woodappTests.a in Frameworks */ = {isa = PBXBuildFile; fileRef = 19F6CBCC0A4E27FBF8BF4A61 /* libPods-woodapp-woodappTests.a */; };
		81AB9BB82411601600AC10FF /* LaunchScreen.storyboard in Resources */ = {isa = PBXBuildFile; fileRef = 81AB9BB72411601600AC10FF /* LaunchScreen.storyboard */; };
		61C5A84F1AFA41F180097019 /* Lato-Black.ttf in Resources */ = {isa = PBXBuildFile; fileRef = C40C7AE9724144E3A1BCB12D /* Lato-Black.ttf */; };
		99A1D0C1E3F248A59F159EF8 /* Lato-BlackItalic.ttf in Resources */ = {isa = PBXBuildFile; fileRef = 6E72000030D44F638C953708 /* Lato-BlackItalic.ttf */; };
		F22096C1AE52489D9B962A0D /* Lato-Bold.ttf in Resources */ = {isa = PBXBuildFile; fileRef = 7D9C6B5ED8DB4C4DA3F2D885 /* Lato-Bold.ttf */; };
		2750C9239A4042F4969FE6B7 /* Lato-BoldItalic.ttf in Resources */ = {isa = PBXBuildFile; fileRef = 7678CFB67906457DA4E8BD5D /* Lato-BoldItalic.ttf */; };
		7BD8F85E79EB4E738C23452E /* Lato-Italic.ttf in Resources */ = {isa = PBXBuildFile; fileRef = F5D7F4FD6E4447E9B6F4FE6D /* Lato-Italic.ttf */; };
		866D20B5548B4A27A8B80A2A /* Lato-Light.ttf in Resources */ = {isa = PBXBuildFile; fileRef = DDBF063615A8402FA3B28C68 /* Lato-Light.ttf */; };
		C0F8633F646E4F33BA559EF9 /* Lato-LightItalic.ttf in Resources */ = {isa = PBXBuildFile; fileRef = 707FF44545784863B035852D /* Lato-LightItalic.ttf */; };
		696385DAACD64EA68A37D40B /* Lato-Regular.ttf in Resources */ = {isa = PBXBuildFile; fileRef = 0947CC2687CE497CB790EA9B /* Lato-Regular.ttf */; };
		14439693F5B34347ACD533AD /* Lato-Thin.ttf in Resources */ = {isa = PBXBuildFile; fileRef = 59EC44275B70445FAEFCB4E6 /* Lato-Thin.ttf */; };
		199B0B40846B48F9A158D0AF /* Lato-ThinItalic.ttf in Resources */ = {isa = PBXBuildFile; fileRef = FD337F99D4F54C7EA15E67A2 /* Lato-ThinItalic.ttf */; };
		70F7891620374B2D8CA61084 /* Montserrat-Black.ttf in Resources */ = {isa = PBXBuildFile; fileRef = D93EF4BEE95E400E8476CDC9 /* Montserrat-Black.ttf */; };
		EC6533D85574402FAD23491E /* Montserrat-BlackItalic.ttf in Resources */ = {isa = PBXBuildFile; fileRef = 6C936CA718A14C68BB2F1BA6 /* Montserrat-BlackItalic.ttf */; };
		03F6D6CB71A4422F8091C334 /* Montserrat-Bold.ttf in Resources */ = {isa = PBXBuildFile; fileRef = 226E87D5F53B440BAA6ED734 /* Montserrat-Bold.ttf */; };
		6B6ADFD6D7B848AAB67C2583 /* Montserrat-BoldItalic.ttf in Resources */ = {isa = PBXBuildFile; fileRef = BF318192A78A432A8A5DA3DB /* Montserrat-BoldItalic.ttf */; };
		A46C40435FDA4FBE8486D48D /* Montserrat-ExtraBold.ttf in Resources */ = {isa = PBXBuildFile; fileRef = AE7AB77CBA024DFBB7D002A7 /* Montserrat-ExtraBold.ttf */; };
		7AB7AB29581B4E10B5DCA4FC /* Montserrat-ExtraBoldItalic.ttf in Resources */ = {isa = PBXBuildFile; fileRef = 07BB678BA47C4496AFE22975 /* Montserrat-ExtraBoldItalic.ttf */; };
		2EEBD0A9411F41EBA0C3D6E1 /* Montserrat-ExtraLight.ttf in Resources */ = {isa = PBXBuildFile; fileRef = 0FCC2CEB139B4C11BCC226AD /* Montserrat-ExtraLight.ttf */; };
		FAC2F80D3A7B4CF68C891B7A /* Montserrat-ExtraLightItalic.ttf in Resources */ = {isa = PBXBuildFile; fileRef = 7350D8C5CB2E4A949287FEF2 /* Montserrat-ExtraLightItalic.ttf */; };
		D4E132895F104A3B9F3A6148 /* Montserrat-Italic.ttf in Resources */ = {isa = PBXBuildFile; fileRef = D3B8710A14444AA2A7AA4284 /* Montserrat-Italic.ttf */; };
		E8CABF4368BE48F1AB5B095C /* Montserrat-Light.ttf in Resources */ = {isa = PBXBuildFile; fileRef = 3D3C6FB1017D483B819C2474 /* Montserrat-Light.ttf */; };
		4D63FEFEBAA540C9839129BA /* Montserrat-LightItalic.ttf in Resources */ = {isa = PBXBuildFile; fileRef = 6379F9833A2F4677A5AD1388 /* Montserrat-LightItalic.ttf */; };
		5300B818DD6347CA95D0CA90 /* Montserrat-Medium.ttf in Resources */ = {isa = PBXBuildFile; fileRef = AC4248478F264EE3BCC275A9 /* Montserrat-Medium.ttf */; };
		4BF17D0581A845C09FE74EFB /* Montserrat-MediumItalic.ttf in Resources */ = {isa = PBXBuildFile; fileRef = 6C60CA7F3357476BB6D49371 /* Montserrat-MediumItalic.ttf */; };
		258819FFB9E64DBBB9EC7FAF /* Montserrat-Regular.ttf in Resources */ = {isa = PBXBuildFile; fileRef = F113C75CF1B946DDB90C9134 /* Montserrat-Regular.ttf */; };
		9D9CE2810EB343389D5B0638 /* Montserrat-SemiBold.ttf in Resources */ = {isa = PBXBuildFile; fileRef = C83E793C3F384499814D018D /* Montserrat-SemiBold.ttf */; };
		522DB2DA6CDC4F53AEFA5796 /* Montserrat-SemiBoldItalic.ttf in Resources */ = {isa = PBXBuildFile; fileRef = 97442FBBC0CA40C4A838467B /* Montserrat-SemiBoldItalic.ttf */; };
		E7A5E0FD465A4BE8864A71ED /* Montserrat-Thin.ttf in Resources */ = {isa = PBXBuildFile; fileRef = 4E3018AA6068426D89D645E0 /* Montserrat-Thin.ttf */; };
		4906A9AACA234AC38ECA9A96 /* Montserrat-ThinItalic.ttf in Resources */ = {isa = PBXBuildFile; fileRef = E249F3988F66489291C12039 /* Montserrat-ThinItalic.ttf */; };
		E0642DA269D743DEA0FD7D70 /* Montserrat-VariableFont_wght.ttf in Resources */ = {isa = PBXBuildFile; fileRef = 265021DE7448425DAA53FCC3 /* Montserrat-VariableFont_wght.ttf */; };
		C9EE774AA8574EC38B3AB4AF /* Poppins-Black.ttf in Resources */ = {isa = PBXBuildFile; fileRef = D69C55AE8C7041EDAF4AF02D /* Poppins-Black.ttf */; };
		28E31B4EE4384C20B79EC9C0 /* Poppins-BlackItalic.ttf in Resources */ = {isa = PBXBuildFile; fileRef = 8A3554CD8D4B46B5AD56CC0A /* Poppins-BlackItalic.ttf */; };
		0F6745809B00472FA67804BF /* Poppins-Bold.ttf in Resources */ = {isa = PBXBuildFile; fileRef = EA8208E207D04F5FB0DB1F50 /* Poppins-Bold.ttf */; };
		36FA71A03C3E40E98D13B9FF /* Poppins-BoldItalic.ttf in Resources */ = {isa = PBXBuildFile; fileRef = 0CF542C169844C358A840E41 /* Poppins-BoldItalic.ttf */; };
		0B93C19CD4674A40B20E07B4 /* Poppins-ExtraBold.ttf in Resources */ = {isa = PBXBuildFile; fileRef = 8F55E1EC12DA41209BAD83A0 /* Poppins-ExtraBold.ttf */; };
		616A7A706F1E468293EFBA0E /* Poppins-ExtraBoldItalic.ttf in Resources */ = {isa = PBXBuildFile; fileRef = B69DFC7E4E1B4AFA94092CBE /* Poppins-ExtraBoldItalic.ttf */; };
		F4B0257B6B264BE98149C550 /* Poppins-ExtraLight.ttf in Resources */ = {isa = PBXBuildFile; fileRef = 323CE59C872B4C66948E606D /* Poppins-ExtraLight.ttf */; };
		3EE30412EE1C4FB89FD2DBD1 /* Poppins-ExtraLightItalic.ttf in Resources */ = {isa = PBXBuildFile; fileRef = F1FF70DDB0794E0C94076C15 /* Poppins-ExtraLightItalic.ttf */; };
		9BD1EA4359B14492B73F331C /* Poppins-Italic.ttf in Resources */ = {isa = PBXBuildFile; fileRef = 972D045C38724994BFEE5594 /* Poppins-Italic.ttf */; };
		FC84B5A1598F4A4FBEAA39ED /* Poppins-Light.ttf in Resources */ = {isa = PBXBuildFile; fileRef = 76AEB917D3FD44A6BF49661E /* Poppins-Light.ttf */; };
		DF539AACF9774DE1A95AB271 /* Poppins-LightItalic.ttf in Resources */ = {isa = PBXBuildFile; fileRef = 6479A6CE1B4C46B290381159 /* Poppins-LightItalic.ttf */; };
		348D8A60824C4A9FAA2F9789 /* Poppins-Medium.ttf in Resources */ = {isa = PBXBuildFile; fileRef = BB6A9E6C50B64ED0821D1841 /* Poppins-Medium.ttf */; };
		E1645C67F8DD42748FC0F3A8 /* Poppins-MediumItalic.ttf in Resources */ = {isa = PBXBuildFile; fileRef = 158B15A7E98A494382FF4818 /* Poppins-MediumItalic.ttf */; };
		637DC83D21D64F80A9040164 /* Poppins-Regular.ttf in Resources */ = {isa = PBXBuildFile; fileRef = 345557F188E045EC8AD0B2DF /* Poppins-Regular.ttf */; };
		0CA78D48627D4678B163C722 /* Poppins-SemiBold.ttf in Resources */ = {isa = PBXBuildFile; fileRef = CFD36D4C1B5B4D47BFABACF3 /* Poppins-SemiBold.ttf */; };
		7AB93BB5366944A0A8CF2936 /* Poppins-SemiBoldItalic.ttf in Resources */ = {isa = PBXBuildFile; fileRef = 73C92C86344D4F59A49923F4 /* Poppins-SemiBoldItalic.ttf */; };
		BB5FC64F7C024E1DBB1CFBCB /* Poppins-Thin.ttf in Resources */ = {isa = PBXBuildFile; fileRef = E926A8CADA384394A314E175 /* Poppins-Thin.ttf */; };
		C9F97BC5FAA8450186E3B75D /* Poppins-ThinItalic.ttf in Resources */ = {isa = PBXBuildFile; fileRef = 0BC13F4CC1B843EDB10FD7BC /* Poppins-ThinItalic.ttf */; };
/* End PBXBuildFile section */

/* Begin PBXContainerItemProxy section */
		00E356F41AD99517003FC87E /* PBXContainerItemProxy */ = {
			isa = PBXContainerItemProxy;
			containerPortal = 83CBB9F71A601CBA00E9B192 /* Project object */;
			proxyType = 1;
			remoteGlobalIDString = 13B07F861A680F5B00A75B9A;
			remoteInfo = woodapp;
		};
/* End PBXContainerItemProxy section */

/* Begin PBXFileReference section */
		00E356EE1AD99517003FC87E /* woodappTests.xctest */ = {isa = PBXFileReference; explicitFileType = wrapper.cfbundle; includeInIndex = 0; path = woodappTests.xctest; sourceTree = BUILT_PRODUCTS_DIR; };
		00E356F11AD99517003FC87E /* Info.plist */ = {isa = PBXFileReference; lastKnownFileType = text.plist.xml; path = Info.plist; sourceTree = "<group>"; };
		00E356F21AD99517003FC87E /* woodappTests.m */ = {isa = PBXFileReference; lastKnownFileType = sourcecode.c.objc; path = woodappTests.m; sourceTree = "<group>"; };
		13B07F961A680F5B00A75B9A /* woodapp.app */ = {isa = PBXFileReference; explicitFileType = wrapper.application; includeInIndex = 0; path = woodapp.app; sourceTree = BUILT_PRODUCTS_DIR; };
		13B07FAF1A68108700A75B9A /* AppDelegate.h */ = {isa = PBXFileReference; fileEncoding = 4; lastKnownFileType = sourcecode.c.h; name = AppDelegate.h; path = woodapp/AppDelegate.h; sourceTree = "<group>"; };
		13B07FB01A68108700A75B9A /* AppDelegate.mm */ = {isa = PBXFileReference; fileEncoding = 4; lastKnownFileType = sourcecode.cpp.objcpp; name = AppDelegate.mm; path = woodapp/AppDelegate.mm; sourceTree = "<group>"; };
		13B07FB51A68108700A75B9A /* Images.xcassets */ = {isa = PBXFileReference; lastKnownFileType = folder.assetcatalog; name = Images.xcassets; path = woodapp/Images.xcassets; sourceTree = "<group>"; };
		13B07FB61A68108700A75B9A /* Info.plist */ = {isa = PBXFileReference; fileEncoding = 4; lastKnownFileType = text.plist.xml; name = Info.plist; path = woodapp/Info.plist; sourceTree = "<group>"; };
		13B07FB71A68108700A75B9A /* main.m */ = {isa = PBXFileReference; fileEncoding = 4; lastKnownFileType = sourcecode.c.objc; name = main.m; path = woodapp/main.m; sourceTree = "<group>"; };
		13B07FB81A68108700A75B9A /* PrivacyInfo.xcprivacy */ = {isa = PBXFileReference; fileEncoding = 4; lastKnownFileType = text.plist.xml; name = PrivacyInfo.xcprivacy; path = woodapp/PrivacyInfo.xcprivacy; sourceTree = "<group>"; };
		19F6CBCC0A4E27FBF8BF4A61 /* libPods-woodapp-woodappTests.a */ = {isa = PBXFileReference; explicitFileType = archive.ar; includeInIndex = 0; path = "libPods-woodapp-woodappTests.a"; sourceTree = BUILT_PRODUCTS_DIR; };
		3B4392A12AC88292D35C810B /* Pods-woodapp.debug.xcconfig */ = {isa = PBXFileReference; includeInIndex = 1; lastKnownFileType = text.xcconfig; name = "Pods-woodapp.debug.xcconfig"; path = "Target Support Files/Pods-woodapp/Pods-woodapp.debug.xcconfig"; sourceTree = "<group>"; };
		5709B34CF0A7D63546082F79 /* Pods-woodapp.release.xcconfig */ = {isa = PBXFileReference; includeInIndex = 1; lastKnownFileType = text.xcconfig; name = "Pods-woodapp.release.xcconfig"; path = "Target Support Files/Pods-woodapp/Pods-woodapp.release.xcconfig"; sourceTree = "<group>"; };
		5B7EB9410499542E8C5724F5 /* Pods-woodapp-woodappTests.debug.xcconfig */ = {isa = PBXFileReference; includeInIndex = 1; lastKnownFileType = text.xcconfig; name = "Pods-woodapp-woodappTests.debug.xcconfig"; path = "Target Support Files/Pods-woodapp-woodappTests/Pods-woodapp-woodappTests.debug.xcconfig"; sourceTree = "<group>"; };
		5DCACB8F33CDC322A6C60F78 /* libPods-woodapp.a */ = {isa = PBXFileReference; explicitFileType = archive.ar; includeInIndex = 0; path = "libPods-woodapp.a"; sourceTree = BUILT_PRODUCTS_DIR; };
		81AB9BB72411601600AC10FF /* LaunchScreen.storyboard */ = {isa = PBXFileReference; fileEncoding = 4; lastKnownFileType = file.storyboard; name = LaunchScreen.storyboard; path = woodapp/LaunchScreen.storyboard; sourceTree = "<group>"; };
		89C6BE57DB24E9ADA2F236DE /* Pods-woodapp-woodappTests.release.xcconfig */ = {isa = PBXFileReference; includeInIndex = 1; lastKnownFileType = text.xcconfig; name = "Pods-woodapp-woodappTests.release.xcconfig"; path = "Target Support Files/Pods-woodapp-woodappTests/Pods-woodapp-woodappTests.release.xcconfig"; sourceTree = "<group>"; };
		ED297162215061F000B7C4FE /* JavaScriptCore.framework */ = {isa = PBXFileReference; lastKnownFileType = wrapper.framework; name = JavaScriptCore.framework; path = System/Library/Frameworks/JavaScriptCore.framework; sourceTree = SDKROOT; };
		C40C7AE9724144E3A1BCB12D /* Lato-Black.ttf */ = {isa = PBXFileReference; name = "Lato-Black.ttf"; path = "../src/asset/Fonts/Lato-Black.ttf"; sourceTree = "<group>"; fileEncoding = undefined; lastKnownFileType = unknown; explicitFileType = undefined; includeInIndex = 0; };
		6E72000030D44F638C953708 /* Lato-BlackItalic.ttf */ = {isa = PBXFileReference; name = "Lato-BlackItalic.ttf"; path = "../src/asset/Fonts/Lato-BlackItalic.ttf"; sourceTree = "<group>"; fileEncoding = undefined; lastKnownFileType = unknown; explicitFileType = undefined; includeInIndex = 0; };
		7D9C6B5ED8DB4C4DA3F2D885 /* Lato-Bold.ttf */ = {isa = PBXFileReference; name = "Lato-Bold.ttf"; path = "../src/asset/Fonts/Lato-Bold.ttf"; sourceTree = "<group>"; fileEncoding = undefined; lastKnownFileType = unknown; explicitFileType = undefined; includeInIndex = 0; };
		7678CFB67906457DA4E8BD5D /* Lato-BoldItalic.ttf */ = {isa = PBXFileReference; name = "Lato-BoldItalic.ttf"; path = "../src/asset/Fonts/Lato-BoldItalic.ttf"; sourceTree = "<group>"; fileEncoding = undefined; lastKnownFileType = unknown; explicitFileType = undefined; includeInIndex = 0; };
		F5D7F4FD6E4447E9B6F4FE6D /* Lato-Italic.ttf */ = {isa = PBXFileReference; name = "Lato-Italic.ttf"; path = "../src/asset/Fonts/Lato-Italic.ttf"; sourceTree = "<group>"; fileEncoding = undefined; lastKnownFileType = unknown; explicitFileType = undefined; includeInIndex = 0; };
		DDBF063615A8402FA3B28C68 /* Lato-Light.ttf */ = {isa = PBXFileReference; name = "Lato-Light.ttf"; path = "../src/asset/Fonts/Lato-Light.ttf"; sourceTree = "<group>"; fileEncoding = undefined; lastKnownFileType = unknown; explicitFileType = undefined; includeInIndex = 0; };
		707FF44545784863B035852D /* Lato-LightItalic.ttf */ = {isa = PBXFileReference; name = "Lato-LightItalic.ttf"; path = "../src/asset/Fonts/Lato-LightItalic.ttf"; sourceTree = "<group>"; fileEncoding = undefined; lastKnownFileType = unknown; explicitFileType = undefined; includeInIndex = 0; };
		0947CC2687CE497CB790EA9B /* Lato-Regular.ttf */ = {isa = PBXFileReference; name = "Lato-Regular.ttf"; path = "../src/asset/Fonts/Lato-Regular.ttf"; sourceTree = "<group>"; fileEncoding = undefined; lastKnownFileType = unknown; explicitFileType = undefined; includeInIndex = 0; };
		59EC44275B70445FAEFCB4E6 /* Lato-Thin.ttf */ = {isa = PBXFileReference; name = "Lato-Thin.ttf"; path = "../src/asset/Fonts/Lato-Thin.ttf"; sourceTree = "<group>"; fileEncoding = undefined; lastKnownFileType = unknown; explicitFileType = undefined; includeInIndex = 0; };
		FD337F99D4F54C7EA15E67A2 /* Lato-ThinItalic.ttf */ = {isa = PBXFileReference; name = "Lato-ThinItalic.ttf"; path = "../src/asset/Fonts/Lato-ThinItalic.ttf"; sourceTree = "<group>"; fileEncoding = undefined; lastKnownFileType = unknown; explicitFileType = undefined; includeInIndex = 0; };
		D93EF4BEE95E400E8476CDC9 /* Montserrat-Black.ttf */ = {isa = PBXFileReference; name = "Montserrat-Black.ttf"; path = "../src/asset/Fonts/Montserrat-Black.ttf"; sourceTree = "<group>"; fileEncoding = undefined; lastKnownFileType = unknown; explicitFileType = undefined; includeInIndex = 0; };
		6C936CA718A14C68BB2F1BA6 /* Montserrat-BlackItalic.ttf */ = {isa = PBXFileReference; name = "Montserrat-BlackItalic.ttf"; path = "../src/asset/Fonts/Montserrat-BlackItalic.ttf"; sourceTree = "<group>"; fileEncoding = undefined; lastKnownFileType = unknown; explicitFileType = undefined; includeInIndex = 0; };
		226E87D5F53B440BAA6ED734 /* Montserrat-Bold.ttf */ = {isa = PBXFileReference; name = "Montserrat-Bold.ttf"; path = "../src/asset/Fonts/Montserrat-Bold.ttf"; sourceTree = "<group>"; fileEncoding = undefined; lastKnownFileType = unknown; explicitFileType = undefined; includeInIndex = 0; };
		BF318192A78A432A8A5DA3DB /* Montserrat-BoldItalic.ttf */ = {isa = PBXFileReference; name = "Montserrat-BoldItalic.ttf"; path = "../src/asset/Fonts/Montserrat-BoldItalic.ttf"; sourceTree = "<group>"; fileEncoding = undefined; lastKnownFileType = unknown; explicitFileType = undefined; includeInIndex = 0; };
		AE7AB77CBA024DFBB7D002A7 /* Montserrat-ExtraBold.ttf */ = {isa = PBXFileReference; name = "Montserrat-ExtraBold.ttf"; path = "../src/asset/Fonts/Montserrat-ExtraBold.ttf"; sourceTree = "<group>"; fileEncoding = undefined; lastKnownFileType = unknown; explicitFileType = undefined; includeInIndex = 0; };
		07BB678BA47C4496AFE22975 /* Montserrat-ExtraBoldItalic.ttf */ = {isa = PBXFileReference; name = "Montserrat-ExtraBoldItalic.ttf"; path = "../src/asset/Fonts/Montserrat-ExtraBoldItalic.ttf"; sourceTree = "<group>"; fileEncoding = undefined; lastKnownFileType = unknown; explicitFileType = undefined; includeInIndex = 0; };
		0FCC2CEB139B4C11BCC226AD /* Montserrat-ExtraLight.ttf */ = {isa = PBXFileReference; name = "Montserrat-ExtraLight.ttf"; path = "../src/asset/Fonts/Montserrat-ExtraLight.ttf"; sourceTree = "<group>"; fileEncoding = undefined; lastKnownFileType = unknown; explicitFileType = undefined; includeInIndex = 0; };
		7350D8C5CB2E4A949287FEF2 /* Montserrat-ExtraLightItalic.ttf */ = {isa = PBXFileReference; name = "Montserrat-ExtraLightItalic.ttf"; path = "../src/asset/Fonts/Montserrat-ExtraLightItalic.ttf"; sourceTree = "<group>"; fileEncoding = undefined; lastKnownFileType = unknown; explicitFileType = undefined; includeInIndex = 0; };
		D3B8710A14444AA2A7AA4284 /* Montserrat-Italic.ttf */ = {isa = PBXFileReference; name = "Montserrat-Italic.ttf"; path = "../src/asset/Fonts/Montserrat-Italic.ttf"; sourceTree = "<group>"; fileEncoding = undefined; lastKnownFileType = unknown; explicitFileType = undefined; includeInIndex = 0; };
		3D3C6FB1017D483B819C2474 /* Montserrat-Light.ttf */ = {isa = PBXFileReference; name = "Montserrat-Light.ttf"; path = "../src/asset/Fonts/Montserrat-Light.ttf"; sourceTree = "<group>"; fileEncoding = undefined; lastKnownFileType = unknown; explicitFileType = undefined; includeInIndex = 0; };
		6379F9833A2F4677A5AD1388 /* Montserrat-LightItalic.ttf */ = {isa = PBXFileReference; name = "Montserrat-LightItalic.ttf"; path = "../src/asset/Fonts/Montserrat-LightItalic.ttf"; sourceTree = "<group>"; fileEncoding = undefined; lastKnownFileType = unknown; explicitFileType = undefined; includeInIndex = 0; };
		AC4248478F264EE3BCC275A9 /* Montserrat-Medium.ttf */ = {isa = PBXFileReference; name = "Montserrat-Medium.ttf"; path = "../src/asset/Fonts/Montserrat-Medium.ttf"; sourceTree = "<group>"; fileEncoding = undefined; lastKnownFileType = unknown; explicitFileType = undefined; includeInIndex = 0; };
		6C60CA7F3357476BB6D49371 /* Montserrat-MediumItalic.ttf */ = {isa = PBXFileReference; name = "Montserrat-MediumItalic.ttf"; path = "../src/asset/Fonts/Montserrat-MediumItalic.ttf"; sourceTree = "<group>"; fileEncoding = undefined; lastKnownFileType = unknown; explicitFileType = undefined; includeInIndex = 0; };
		F113C75CF1B946DDB90C9134 /* Montserrat-Regular.ttf */ = {isa = PBXFileReference; name = "Montserrat-Regular.ttf"; path = "../src/asset/Fonts/Montserrat-Regular.ttf"; sourceTree = "<group>"; fileEncoding = undefined; lastKnownFileType = unknown; explicitFileType = undefined; includeInIndex = 0; };
		C83E793C3F384499814D018D /* Montserrat-SemiBold.ttf */ = {isa = PBXFileReference; name = "Montserrat-SemiBold.ttf"; path = "../src/asset/Fonts/Montserrat-SemiBold.ttf"; sourceTree = "<group>"; fileEncoding = undefined; lastKnownFileType = unknown; explicitFileType = undefined; includeInIndex = 0; };
		97442FBBC0CA40C4A838467B /* Montserrat-SemiBoldItalic.ttf */ = {isa = PBXFileReference; name = "Montserrat-SemiBoldItalic.ttf"; path = "../src/asset/Fonts/Montserrat-SemiBoldItalic.ttf"; sourceTree = "<group>"; fileEncoding = undefined; lastKnownFileType = unknown; explicitFileType = undefined; includeInIndex = 0; };
		4E3018AA6068426D89D645E0 /* Montserrat-Thin.ttf */ = {isa = PBXFileReference; name = "Montserrat-Thin.ttf"; path = "../src/asset/Fonts/Montserrat-Thin.ttf"; sourceTree = "<group>"; fileEncoding = undefined; lastKnownFileType = unknown; explicitFileType = undefined; includeInIndex = 0; };
		E249F3988F66489291C12039 /* Montserrat-ThinItalic.ttf */ = {isa = PBXFileReference; name = "Montserrat-ThinItalic.ttf"; path = "../src/asset/Fonts/Montserrat-ThinItalic.ttf"; sourceTree = "<group>"; fileEncoding = undefined; lastKnownFileType = unknown; explicitFileType = undefined; includeInIndex = 0; };
		265021DE7448425DAA53FCC3 /* Montserrat-VariableFont_wght.ttf */ = {isa = PBXFileReference; name = "Montserrat-VariableFont_wght.ttf"; path = "../src/asset/Fonts/Montserrat-VariableFont_wght.ttf"; sourceTree = "<group>"; fileEncoding = undefined; lastKnownFileType = unknown; explicitFileType = undefined; includeInIndex = 0; };
		D69C55AE8C7041EDAF4AF02D /* Poppins-Black.ttf */ = {isa = PBXFileReference; name = "Poppins-Black.ttf"; path = "../src/asset/Fonts/Poppins-Black.ttf"; sourceTree = "<group>"; fileEncoding = undefined; lastKnownFileType = unknown; explicitFileType = undefined; includeInIndex = 0; };
		8A3554CD8D4B46B5AD56CC0A /* Poppins-BlackItalic.ttf */ = {isa = PBXFileReference; name = "Poppins-BlackItalic.ttf"; path = "../src/asset/Fonts/Poppins-BlackItalic.ttf"; sourceTree = "<group>"; fileEncoding = undefined; lastKnownFileType = unknown; explicitFileType = undefined; includeInIndex = 0; };
		EA8208E207D04F5FB0DB1F50 /* Poppins-Bold.ttf */ = {isa = PBXFileReference; name = "Poppins-Bold.ttf"; path = "../src/asset/Fonts/Poppins-Bold.ttf"; sourceTree = "<group>"; fileEncoding = undefined; lastKnownFileType = unknown; explicitFileType = undefined; includeInIndex = 0; };
		0CF542C169844C358A840E41 /* Poppins-BoldItalic.ttf */ = {isa = PBXFileReference; name = "Poppins-BoldItalic.ttf"; path = "../src/asset/Fonts/Poppins-BoldItalic.ttf"; sourceTree = "<group>"; fileEncoding = undefined; lastKnownFileType = unknown; explicitFileType = undefined; includeInIndex = 0; };
		8F55E1EC12DA41209BAD83A0 /* Poppins-ExtraBold.ttf */ = {isa = PBXFileReference; name = "Poppins-ExtraBold.ttf"; path = "../src/asset/Fonts/Poppins-ExtraBold.ttf"; sourceTree = "<group>"; fileEncoding = undefined; lastKnownFileType = unknown; explicitFileType = undefined; includeInIndex = 0; };
		B69DFC7E4E1B4AFA94092CBE /* Poppins-ExtraBoldItalic.ttf */ = {isa = PBXFileReference; name = "Poppins-ExtraBoldItalic.ttf"; path = "../src/asset/Fonts/Poppins-ExtraBoldItalic.ttf"; sourceTree = "<group>"; fileEncoding = undefined; lastKnownFileType = unknown; explicitFileType = undefined; includeInIndex = 0; };
		323CE59C872B4C66948E606D /* Poppins-ExtraLight.ttf */ = {isa = PBXFileReference; name = "Poppins-ExtraLight.ttf"; path = "../src/asset/Fonts/Poppins-ExtraLight.ttf"; sourceTree = "<group>"; fileEncoding = undefined; lastKnownFileType = unknown; explicitFileType = undefined; includeInIndex = 0; };
		F1FF70DDB0794E0C94076C15 /* Poppins-ExtraLightItalic.ttf */ = {isa = PBXFileReference; name = "Poppins-ExtraLightItalic.ttf"; path = "../src/asset/Fonts/Poppins-ExtraLightItalic.ttf"; sourceTree = "<group>"; fileEncoding = undefined; lastKnownFileType = unknown; explicitFileType = undefined; includeInIndex = 0; };
		972D045C38724994BFEE5594 /* Poppins-Italic.ttf */ = {isa = PBXFileReference; name = "Poppins-Italic.ttf"; path = "../src/asset/Fonts/Poppins-Italic.ttf"; sourceTree = "<group>"; fileEncoding = undefined; lastKnownFileType = unknown; explicitFileType = undefined; includeInIndex = 0; };
		76AEB917D3FD44A6BF49661E /* Poppins-Light.ttf */ = {isa = PBXFileReference; name = "Poppins-Light.ttf"; path = "../src/asset/Fonts/Poppins-Light.ttf"; sourceTree = "<group>"; fileEncoding = undefined; lastKnownFileType = unknown; explicitFileType = undefined; includeInIndex = 0; };
		6479A6CE1B4C46B290381159 /* Poppins-LightItalic.ttf */ = {isa = PBXFileReference; name = "Poppins-LightItalic.ttf"; path = "../src/asset/Fonts/Poppins-LightItalic.ttf"; sourceTree = "<group>"; fileEncoding = undefined; lastKnownFileType = unknown; explicitFileType = undefined; includeInIndex = 0; };
		BB6A9E6C50B64ED0821D1841 /* Poppins-Medium.ttf */ = {isa = PBXFileReference; name = "Poppins-Medium.ttf"; path = "../src/asset/Fonts/Poppins-Medium.ttf"; sourceTree = "<group>"; fileEncoding = undefined; lastKnownFileType = unknown; explicitFileType = undefined; includeInIndex = 0; };
		158B15A7E98A494382FF4818 /* Poppins-MediumItalic.ttf */ = {isa = PBXFileReference; name = "Poppins-MediumItalic.ttf"; path = "../src/asset/Fonts/Poppins-MediumItalic.ttf"; sourceTree = "<group>"; fileEncoding = undefined; lastKnownFileType = unknown; explicitFileType = undefined; includeInIndex = 0; };
		345557F188E045EC8AD0B2DF /* Poppins-Regular.ttf */ = {isa = PBXFileReference; name = "Poppins-Regular.ttf"; path = "../src/asset/Fonts/Poppins-Regular.ttf"; sourceTree = "<group>"; fileEncoding = undefined; lastKnownFileType = unknown; explicitFileType = undefined; includeInIndex = 0; };
		CFD36D4C1B5B4D47BFABACF3 /* Poppins-SemiBold.ttf */ = {isa = PBXFileReference; name = "Poppins-SemiBold.ttf"; path = "../src/asset/Fonts/Poppins-SemiBold.ttf"; sourceTree = "<group>"; fileEncoding = undefined; lastKnownFileType = unknown; explicitFileType = undefined; includeInIndex = 0; };
		73C92C86344D4F59A49923F4 /* Poppins-SemiBoldItalic.ttf */ = {isa = PBXFileReference; name = "Poppins-SemiBoldItalic.ttf"; path = "../src/asset/Fonts/Poppins-SemiBoldItalic.ttf"; sourceTree = "<group>"; fileEncoding = undefined; lastKnownFileType = unknown; explicitFileType = undefined; includeInIndex = 0; };
		E926A8CADA384394A314E175 /* Poppins-Thin.ttf */ = {isa = PBXFileReference; name = "Poppins-Thin.ttf"; path = "../src/asset/Fonts/Poppins-Thin.ttf"; sourceTree = "<group>"; fileEncoding = undefined; lastKnownFileType = unknown; explicitFileType = undefined; includeInIndex = 0; };
		0BC13F4CC1B843EDB10FD7BC /* Poppins-ThinItalic.ttf */ = {isa = PBXFileReference; name = "Poppins-ThinItalic.ttf"; path = "../src/asset/Fonts/Poppins-ThinItalic.ttf"; sourceTree = "<group>"; fileEncoding = undefined; lastKnownFileType = unknown; explicitFileType = undefined; includeInIndex = 0; };
/* End PBXFileReference section */

/* Begin PBXFrameworksBuildPhase section */
		00E356EB1AD99517003FC87E /* Frameworks */ = {
			isa = PBXFrameworksBuildPhase;
			buildActionMask = 2147483647;
			files = (
				7699B88040F8A987B510C191 /* libPods-woodapp-woodappTests.a in Frameworks */,
			);
			runOnlyForDeploymentPostprocessing = 0;
		};
		13B07F8C1A680F5B00A75B9A /* Frameworks */ = {
			isa = PBXFrameworksBuildPhase;
			buildActionMask = 2147483647;
			files = (
				0C80B921A6F3F58F76C31292 /* libPods-woodapp.a in Frameworks */,
			);
			runOnlyForDeploymentPostprocessing = 0;
		};
/* End PBXFrameworksBuildPhase section */

/* Begin PBXGroup section */
		00E356EF1AD99517003FC87E /* woodappTests */ = {
			isa = PBXGroup;
			children = (
				00E356F21AD99517003FC87E /* woodappTests.m */,
				00E356F01AD99517003FC87E /* Supporting Files */,
			);
			path = woodappTests;
			sourceTree = "<group>";
		};
		00E356F01AD99517003FC87E /* Supporting Files */ = {
			isa = PBXGroup;
			children = (
				00E356F11AD99517003FC87E /* Info.plist */,
			);
			name = "Supporting Files";
			sourceTree = "<group>";
		};
		13B07FAE1A68108700A75B9A /* woodapp */ = {
			isa = PBXGroup;
			children = (
				13B07FAF1A68108700A75B9A /* AppDelegate.h */,
				13B07FB01A68108700A75B9A /* AppDelegate.mm */,
				13B07FB51A68108700A75B9A /* Images.xcassets */,
				13B07FB61A68108700A75B9A /* Info.plist */,
				81AB9BB72411601600AC10FF /* LaunchScreen.storyboard */,
				13B07FB71A68108700A75B9A /* main.m */,
				13B07FB81A68108700A75B9A /* PrivacyInfo.xcprivacy */,
			);
			name = woodapp;
			sourceTree = "<group>";
		};
		2D16E6871FA4F8E400B85C8A /* Frameworks */ = {
			isa = PBXGroup;
			children = (
				ED297162215061F000B7C4FE /* JavaScriptCore.framework */,
				5DCACB8F33CDC322A6C60F78 /* libPods-woodapp.a */,
				19F6CBCC0A4E27FBF8BF4A61 /* libPods-woodapp-woodappTests.a */,
			);
			name = Frameworks;
			sourceTree = "<group>";
		};
		832341AE1AAA6A7D00B99B32 /* Libraries */ = {
			isa = PBXGroup;
			children = (
			);
			name = Libraries;
			sourceTree = "<group>";
		};
		83CBB9F61A601CBA00E9B192 = {
			isa = PBXGroup;
			children = (
				13B07FAE1A68108700A75B9A /* woodapp */,
				832341AE1AAA6A7D00B99B32 /* Libraries */,
				00E356EF1AD99517003FC87E /* woodappTests */,
				83CBBA001A601CBA00E9B192 /* Products */,
				2D16E6871FA4F8E400B85C8A /* Frameworks */,
				BBD78D7AC51CEA395F1C20DB /* Pods */,
				C31215670B30435DB422B42E /* Resources */,
			);
			indentWidth = 2;
			sourceTree = "<group>";
			tabWidth = 2;
			usesTabs = 0;
		};
		83CBBA001A601CBA00E9B192 /* Products */ = {
			isa = PBXGroup;
			children = (
				13B07F961A680F5B00A75B9A /* woodapp.app */,
				00E356EE1AD99517003FC87E /* woodappTests.xctest */,
			);
			name = Products;
			sourceTree = "<group>";
		};
		BBD78D7AC51CEA395F1C20DB /* Pods */ = {
			isa = PBXGroup;
			children = (
				3B4392A12AC88292D35C810B /* Pods-woodapp.debug.xcconfig */,
				5709B34CF0A7D63546082F79 /* Pods-woodapp.release.xcconfig */,
				5B7EB9410499542E8C5724F5 /* Pods-woodapp-woodappTests.debug.xcconfig */,
				89C6BE57DB24E9ADA2F236DE /* Pods-woodapp-woodappTests.release.xcconfig */,
			);
			path = Pods;
			sourceTree = "<group>";
		};
		C31215670B30435DB422B42E /* Resources */ = {
			isa = "PBXGroup";
			children = (
				C40C7AE9724144E3A1BCB12D /* Lato-Black.ttf */,
				6E72000030D44F638C953708 /* Lato-BlackItalic.ttf */,
				7D9C6B5ED8DB4C4DA3F2D885 /* Lato-Bold.ttf */,
				7678CFB67906457DA4E8BD5D /* Lato-BoldItalic.ttf */,
				F5D7F4FD6E4447E9B6F4FE6D /* Lato-Italic.ttf */,
				DDBF063615A8402FA3B28C68 /* Lato-Light.ttf */,
				707FF44545784863B035852D /* Lato-LightItalic.ttf */,
				0947CC2687CE497CB790EA9B /* Lato-Regular.ttf */,
				59EC44275B70445FAEFCB4E6 /* Lato-Thin.ttf */,
				FD337F99D4F54C7EA15E67A2 /* Lato-ThinItalic.ttf */,
				D93EF4BEE95E400E8476CDC9 /* Montserrat-Black.ttf */,
				6C936CA718A14C68BB2F1BA6 /* Montserrat-BlackItalic.ttf */,
				226E87D5F53B440BAA6ED734 /* Montserrat-Bold.ttf */,
				BF318192A78A432A8A5DA3DB /* Montserrat-BoldItalic.ttf */,
				AE7AB77CBA024DFBB7D002A7 /* Montserrat-ExtraBold.ttf */,
				07BB678BA47C4496AFE22975 /* Montserrat-ExtraBoldItalic.ttf */,
				0FCC2CEB139B4C11BCC226AD /* Montserrat-ExtraLight.ttf */,
				7350D8C5CB2E4A949287FEF2 /* Montserrat-ExtraLightItalic.ttf */,
				D3B8710A14444AA2A7AA4284 /* Montserrat-Italic.ttf */,
				3D3C6FB1017D483B819C2474 /* Montserrat-Light.ttf */,
				6379F9833A2F4677A5AD1388 /* Montserrat-LightItalic.ttf */,
				AC4248478F264EE3BCC275A9 /* Montserrat-Medium.ttf */,
				6C60CA7F3357476BB6D49371 /* Montserrat-MediumItalic.ttf */,
				F113C75CF1B946DDB90C9134 /* Montserrat-Regular.ttf */,
				C83E793C3F384499814D018D /* Montserrat-SemiBold.ttf */,
				97442FBBC0CA40C4A838467B /* Montserrat-SemiBoldItalic.ttf */,
				4E3018AA6068426D89D645E0 /* Montserrat-Thin.ttf */,
				E249F3988F66489291C12039 /* Montserrat-ThinItalic.ttf */,
				265021DE7448425DAA53FCC3 /* Montserrat-VariableFont_wght.ttf */,
				D69C55AE8C7041EDAF4AF02D /* Poppins-Black.ttf */,
				8A3554CD8D4B46B5AD56CC0A /* Poppins-BlackItalic.ttf */,
				EA8208E207D04F5FB0DB1F50 /* Poppins-Bold.ttf */,
				0CF542C169844C358A840E41 /* Poppins-BoldItalic.ttf */,
				8F55E1EC12DA41209BAD83A0 /* Poppins-ExtraBold.ttf */,
				B69DFC7E4E1B4AFA94092CBE /* Poppins-ExtraBoldItalic.ttf */,
				323CE59C872B4C66948E606D /* Poppins-ExtraLight.ttf */,
				F1FF70DDB0794E0C94076C15 /* Poppins-ExtraLightItalic.ttf */,
				972D045C38724994BFEE5594 /* Poppins-Italic.ttf */,
				76AEB917D3FD44A6BF49661E /* Poppins-Light.ttf */,
				6479A6CE1B4C46B290381159 /* Poppins-LightItalic.ttf */,
				BB6A9E6C50B64ED0821D1841 /* Poppins-Medium.ttf */,
				158B15A7E98A494382FF4818 /* Poppins-MediumItalic.ttf */,
				345557F188E045EC8AD0B2DF /* Poppins-Regular.ttf */,
				CFD36D4C1B5B4D47BFABACF3 /* Poppins-SemiBold.ttf */,
				73C92C86344D4F59A49923F4 /* Poppins-SemiBoldItalic.ttf */,
				E926A8CADA384394A314E175 /* Poppins-Thin.ttf */,
				0BC13F4CC1B843EDB10FD7BC /* Poppins-ThinItalic.ttf */,
			);
			name = Resources;
			sourceTree = "<group>";
			path = "";
		};
/* End PBXGroup section */

/* Begin PBXNativeTarget section */
		00E356ED1AD99517003FC87E /* woodappTests */ = {
			isa = PBXNativeTarget;
			buildConfigurationList = 00E357021AD99517003FC87E /* Build configuration list for PBXNativeTarget "woodappTests" */;
			buildPhases = (
				A55EABD7B0C7F3A422A6CC61 /* [CP] Check Pods Manifest.lock */,
				00E356EA1AD99517003FC87E /* Sources */,
				00E356EB1AD99517003FC87E /* Frameworks */,
				00E356EC1AD99517003FC87E /* Resources */,
				C59DA0FBD6956966B86A3779 /* [CP] Embed Pods Frameworks */,
				F6A41C54EA430FDDC6A6ED99 /* [CP] Copy Pods Resources */,
			);
			buildRules = (
			);
			dependencies = (
				00E356F51AD99517003FC87E /* PBXTargetDependency */,
			);
			name = woodappTests;
			productName = woodappTests;
			productReference = 00E356EE1AD99517003FC87E /* woodappTests.xctest */;
			productType = "com.apple.product-type.bundle.unit-test";
		};
		13B07F861A680F5B00A75B9A /* woodapp */ = {
			isa = PBXNativeTarget;
			buildConfigurationList = 13B07F931A680F5B00A75B9A /* Build configuration list for PBXNativeTarget "woodapp" */;
			buildPhases = (
				C38B50BA6285516D6DCD4F65 /* [CP] Check Pods Manifest.lock */,
				13B07F871A680F5B00A75B9A /* Sources */,
				13B07F8C1A680F5B00A75B9A /* Frameworks */,
				13B07F8E1A680F5B00A75B9A /* Resources */,
				00DD1BFF1BD5951E006B06BC /* Bundle React Native code and images */,
				00EEFC60759A1932668264C0 /* [CP] Embed Pods Frameworks */,
				E235C05ADACE081382539298 /* [CP] Copy Pods Resources */,
			);
			buildRules = (
			);
			dependencies = (
			);
			name = woodapp;
			productName = woodapp;
			productReference = 13B07F961A680F5B00A75B9A /* woodapp.app */;
			productType = "com.apple.product-type.application";
		};
/* End PBXNativeTarget section */

/* Begin PBXProject section */
		83CBB9F71A601CBA00E9B192 /* Project object */ = {
			isa = PBXProject;
			attributes = {
				LastUpgradeCheck = 1210;
				TargetAttributes = {
					00E356ED1AD99517003FC87E = {
						CreatedOnToolsVersion = 6.2;
						TestTargetID = 13B07F861A680F5B00A75B9A;
					};
					13B07F861A680F5B00A75B9A = {
						LastSwiftMigration = 1120;
					};
				};
			};
			buildConfigurationList = 83CBB9FA1A601CBA00E9B192 /* Build configuration list for PBXProject "woodapp" */;
			compatibilityVersion = "Xcode 12.0";
			developmentRegion = en;
			hasScannedForEncodings = 0;
			knownRegions = (
				en,
				Base,
			);
			mainGroup = 83CBB9F61A601CBA00E9B192;
			productRefGroup = 83CBBA001A601CBA00E9B192 /* Products */;
			projectDirPath = "";
			projectRoot = "";
			targets = (
				13B07F861A680F5B00A75B9A /* woodapp */,
				00E356ED1AD99517003FC87E /* woodappTests */,
			);
		};
/* End PBXProject section */

/* Begin PBXResourcesBuildPhase section */
		00E356EC1AD99517003FC87E /* Resources */ = {
			isa = PBXResourcesBuildPhase;
			buildActionMask = 2147483647;
			files = (
			);
			runOnlyForDeploymentPostprocessing = 0;
		};
		13B07F8E1A680F5B00A75B9A /* Resources */ = {
			isa = PBXResourcesBuildPhase;
			buildActionMask = 2147483647;
			files = (
				81AB9BB82411601600AC10FF /* LaunchScreen.storyboard in Resources */,
				13B07FBF1A68108700A75B9A /* Images.xcassets in Resources */,
				61C5A84F1AFA41F180097019 /* Lato-Black.ttf in Resources */,
				99A1D0C1E3F248A59F159EF8 /* Lato-BlackItalic.ttf in Resources */,
				F22096C1AE52489D9B962A0D /* Lato-Bold.ttf in Resources */,
				2750C9239A4042F4969FE6B7 /* Lato-BoldItalic.ttf in Resources */,
				7BD8F85E79EB4E738C23452E /* Lato-Italic.ttf in Resources */,
				866D20B5548B4A27A8B80A2A /* Lato-Light.ttf in Resources */,
				C0F8633F646E4F33BA559EF9 /* Lato-LightItalic.ttf in Resources */,
				696385DAACD64EA68A37D40B /* Lato-Regular.ttf in Resources */,
				14439693F5B34347ACD533AD /* Lato-Thin.ttf in Resources */,
				199B0B40846B48F9A158D0AF /* Lato-ThinItalic.ttf in Resources */,
				70F7891620374B2D8CA61084 /* Montserrat-Black.ttf in Resources */,
				EC6533D85574402FAD23491E /* Montserrat-BlackItalic.ttf in Resources */,
				03F6D6CB71A4422F8091C334 /* Montserrat-Bold.ttf in Resources */,
				6B6ADFD6D7B848AAB67C2583 /* Montserrat-BoldItalic.ttf in Resources */,
				A46C40435FDA4FBE8486D48D /* Montserrat-ExtraBold.ttf in Resources */,
				7AB7AB29581B4E10B5DCA4FC /* Montserrat-ExtraBoldItalic.ttf in Resources */,
				2EEBD0A9411F41EBA0C3D6E1 /* Montserrat-ExtraLight.ttf in Resources */,
				FAC2F80D3A7B4CF68C891B7A /* Montserrat-ExtraLightItalic.ttf in Resources */,
				D4E132895F104A3B9F3A6148 /* Montserrat-Italic.ttf in Resources */,
				E8CABF4368BE48F1AB5B095C /* Montserrat-Light.ttf in Resources */,
				4D63FEFEBAA540C9839129BA /* Montserrat-LightItalic.ttf in Resources */,
				5300B818DD6347CA95D0CA90 /* Montserrat-Medium.ttf in Resources */,
				4BF17D0581A845C09FE74EFB /* Montserrat-MediumItalic.ttf in Resources */,
				258819FFB9E64DBBB9EC7FAF /* Montserrat-Regular.ttf in Resources */,
				9D9CE2810EB343389D5B0638 /* Montserrat-SemiBold.ttf in Resources */,
				522DB2DA6CDC4F53AEFA5796 /* Montserrat-SemiBoldItalic.ttf in Resources */,
				E7A5E0FD465A4BE8864A71ED /* Montserrat-Thin.ttf in Resources */,
				4906A9AACA234AC38ECA9A96 /* Montserrat-ThinItalic.ttf in Resources */,
				E0642DA269D743DEA0FD7D70 /* Montserrat-VariableFont_wght.ttf in Resources */,
				C9EE774AA8574EC38B3AB4AF /* Poppins-Black.ttf in Resources */,
				28E31B4EE4384C20B79EC9C0 /* Poppins-BlackItalic.ttf in Resources */,
				0F6745809B00472FA67804BF /* Poppins-Bold.ttf in Resources */,
				36FA71A03C3E40E98D13B9FF /* Poppins-BoldItalic.ttf in Resources */,
				0B93C19CD4674A40B20E07B4 /* Poppins-ExtraBold.ttf in Resources */,
				616A7A706F1E468293EFBA0E /* Poppins-ExtraBoldItalic.ttf in Resources */,
				F4B0257B6B264BE98149C550 /* Poppins-ExtraLight.ttf in Resources */,
				3EE30412EE1C4FB89FD2DBD1 /* Poppins-ExtraLightItalic.ttf in Resources */,
				9BD1EA4359B14492B73F331C /* Poppins-Italic.ttf in Resources */,
				FC84B5A1598F4A4FBEAA39ED /* Poppins-Light.ttf in Resources */,
				DF539AACF9774DE1A95AB271 /* Poppins-LightItalic.ttf in Resources */,
				348D8A60824C4A9FAA2F9789 /* Poppins-Medium.ttf in Resources */,
				E1645C67F8DD42748FC0F3A8 /* Poppins-MediumItalic.ttf in Resources */,
				637DC83D21D64F80A9040164 /* Poppins-Regular.ttf in Resources */,
				0CA78D48627D4678B163C722 /* Poppins-SemiBold.ttf in Resources */,
				7AB93BB5366944A0A8CF2936 /* Poppins-SemiBoldItalic.ttf in Resources */,
				BB5FC64F7C024E1DBB1CFBCB /* Poppins-Thin.ttf in Resources */,
				C9F97BC5FAA8450186E3B75D /* Poppins-ThinItalic.ttf in Resources */,
			);
			runOnlyForDeploymentPostprocessing = 0;
		};
/* End PBXResourcesBuildPhase section */

/* Begin PBXShellScriptBuildPhase section */
		00DD1BFF1BD5951E006B06BC /* Bundle React Native code and images */ = {
			isa = PBXShellScriptBuildPhase;
			buildActionMask = 2147483647;
			files = (
			);
			inputPaths = (
				"$(SRCROOT)/.xcode.env.local",
				"$(SRCROOT)/.xcode.env",
			);
			name = "Bundle React Native code and images";
			outputPaths = (
			);
			runOnlyForDeploymentPostprocessing = 0;
			shellPath = /bin/sh;
			shellScript = "set -e\n\nWITH_ENVIRONMENT=\"$REACT_NATIVE_PATH/scripts/xcode/with-environment.sh\"\nREACT_NATIVE_XCODE=\"$REACT_NATIVE_PATH/scripts/react-native-xcode.sh\"\n\n/bin/sh -c \"$WITH_ENVIRONMENT $REACT_NATIVE_XCODE\"\n";
		};
		00EEFC60759A1932668264C0 /* [CP] Embed Pods Frameworks */ = {
			isa = PBXShellScriptBuildPhase;
			buildActionMask = 2147483647;
			files = (
			);
			inputFileListPaths = (
				"${PODS_ROOT}/Target Support Files/Pods-woodapp/Pods-woodapp-frameworks-${CONFIGURATION}-input-files.xcfilelist",
			);
			name = "[CP] Embed Pods Frameworks";
			outputFileListPaths = (
				"${PODS_ROOT}/Target Support Files/Pods-woodapp/Pods-woodapp-frameworks-${CONFIGURATION}-output-files.xcfilelist",
			);
			runOnlyForDeploymentPostprocessing = 0;
			shellPath = /bin/sh;
			shellScript = "\"${PODS_ROOT}/Target Support Files/Pods-woodapp/Pods-woodapp-frameworks.sh\"\n";
			showEnvVarsInLog = 0;
		};
		A55EABD7B0C7F3A422A6CC61 /* [CP] Check Pods Manifest.lock */ = {
			isa = PBXShellScriptBuildPhase;
			buildActionMask = 2147483647;
			files = (
			);
			inputFileListPaths = (
			);
			inputPaths = (
				"${PODS_PODFILE_DIR_PATH}/Podfile.lock",
				"${PODS_ROOT}/Manifest.lock",
			);
			name = "[CP] Check Pods Manifest.lock";
			outputFileListPaths = (
			);
			outputPaths = (
				"$(DERIVED_FILE_DIR)/Pods-woodapp-woodappTests-checkManifestLockResult.txt",
			);
			runOnlyForDeploymentPostprocessing = 0;
			shellPath = /bin/sh;
			shellScript = "diff \"${PODS_PODFILE_DIR_PATH}/Podfile.lock\" \"${PODS_ROOT}/Manifest.lock\" > /dev/null\nif [ $? != 0 ] ; then\n    # print error to STDERR\n    echo \"error: The sandbox is not in sync with the Podfile.lock. Run 'pod install' or update your CocoaPods installation.\" >&2\n    exit 1\nfi\n# This output is used by Xcode 'outputs' to avoid re-running this script phase.\necho \"SUCCESS\" > \"${SCRIPT_OUTPUT_FILE_0}\"\n";
			showEnvVarsInLog = 0;
		};
		C38B50BA6285516D6DCD4F65 /* [CP] Check Pods Manifest.lock */ = {
			isa = PBXShellScriptBuildPhase;
			buildActionMask = 2147483647;
			files = (
			);
			inputFileListPaths = (
			);
			inputPaths = (
				"${PODS_PODFILE_DIR_PATH}/Podfile.lock",
				"${PODS_ROOT}/Manifest.lock",
			);
			name = "[CP] Check Pods Manifest.lock";
			outputFileListPaths = (
			);
			outputPaths = (
				"$(DERIVED_FILE_DIR)/Pods-woodapp-checkManifestLockResult.txt",
			);
			runOnlyForDeploymentPostprocessing = 0;
			shellPath = /bin/sh;
			shellScript = "diff \"${PODS_PODFILE_DIR_PATH}/Podfile.lock\" \"${PODS_ROOT}/Manifest.lock\" > /dev/null\nif [ $? != 0 ] ; then\n    # print error to STDERR\n    echo \"error: The sandbox is not in sync with the Podfile.lock. Run 'pod install' or update your CocoaPods installation.\" >&2\n    exit 1\nfi\n# This output is used by Xcode 'outputs' to avoid re-running this script phase.\necho \"SUCCESS\" > \"${SCRIPT_OUTPUT_FILE_0}\"\n";
			showEnvVarsInLog = 0;
		};
		C59DA0FBD6956966B86A3779 /* [CP] Embed Pods Frameworks */ = {
			isa = PBXShellScriptBuildPhase;
			buildActionMask = 2147483647;
			files = (
			);
			inputFileListPaths = (
				"${PODS_ROOT}/Target Support Files/Pods-woodapp-woodappTests/Pods-woodapp-woodappTests-frameworks-${CONFIGURATION}-input-files.xcfilelist",
			);
			name = "[CP] Embed Pods Frameworks";
			outputFileListPaths = (
				"${PODS_ROOT}/Target Support Files/Pods-woodapp-woodappTests/Pods-woodapp-woodappTests-frameworks-${CONFIGURATION}-output-files.xcfilelist",
			);
			runOnlyForDeploymentPostprocessing = 0;
			shellPath = /bin/sh;
			shellScript = "\"${PODS_ROOT}/Target Support Files/Pods-woodapp-woodappTests/Pods-woodapp-woodappTests-frameworks.sh\"\n";
			showEnvVarsInLog = 0;
		};
		E235C05ADACE081382539298 /* [CP] Copy Pods Resources */ = {
			isa = PBXShellScriptBuildPhase;
			buildActionMask = 2147483647;
			files = (
			);
			inputFileListPaths = (
				"${PODS_ROOT}/Target Support Files/Pods-woodapp/Pods-woodapp-resources-${CONFIGURATION}-input-files.xcfilelist",
			);
			name = "[CP] Copy Pods Resources";
			outputFileListPaths = (
				"${PODS_ROOT}/Target Support Files/Pods-woodapp/Pods-woodapp-resources-${CONFIGURATION}-output-files.xcfilelist",
			);
			runOnlyForDeploymentPostprocessing = 0;
			shellPath = /bin/sh;
			shellScript = "\"${PODS_ROOT}/Target Support Files/Pods-woodapp/Pods-woodapp-resources.sh\"\n";
			showEnvVarsInLog = 0;
		};
		F6A41C54EA430FDDC6A6ED99 /* [CP] Copy Pods Resources */ = {
			isa = PBXShellScriptBuildPhase;
			buildActionMask = 2147483647;
			files = (
			);
			inputFileListPaths = (
				"${PODS_ROOT}/Target Support Files/Pods-woodapp-woodappTests/Pods-woodapp-woodappTests-resources-${CONFIGURATION}-input-files.xcfilelist",
			);
			name = "[CP] Copy Pods Resources";
			outputFileListPaths = (
				"${PODS_ROOT}/Target Support Files/Pods-woodapp-woodappTests/Pods-woodapp-woodappTests-resources-${CONFIGURATION}-output-files.xcfilelist",
			);
			runOnlyForDeploymentPostprocessing = 0;
			shellPath = /bin/sh;
			shellScript = "\"${PODS_ROOT}/Target Support Files/Pods-woodapp-woodappTests/Pods-woodapp-woodappTests-resources.sh\"\n";
			showEnvVarsInLog = 0;
		};
/* End PBXShellScriptBuildPhase section */

/* Begin PBXSourcesBuildPhase section */
		00E356EA1AD99517003FC87E /* Sources */ = {
			isa = PBXSourcesBuildPhase;
			buildActionMask = 2147483647;
			files = (
				00E356F31AD99517003FC87E /* woodappTests.m in Sources */,
			);
			runOnlyForDeploymentPostprocessing = 0;
		};
		13B07F871A680F5B00A75B9A /* Sources */ = {
			isa = PBXSourcesBuildPhase;
			buildActionMask = 2147483647;
			files = (
				13B07FBC1A68108700A75B9A /* AppDelegate.mm in Sources */,
				13B07FC11A68108700A75B9A /* main.m in Sources */,
			);
			runOnlyForDeploymentPostprocessing = 0;
		};
/* End PBXSourcesBuildPhase section */

/* Begin PBXTargetDependency section */
		00E356F51AD99517003FC87E /* PBXTargetDependency */ = {
			isa = PBXTargetDependency;
			target = 13B07F861A680F5B00A75B9A /* woodapp */;
			targetProxy = 00E356F41AD99517003FC87E /* PBXContainerItemProxy */;
		};
/* End PBXTargetDependency section */

/* Begin XCBuildConfiguration section */
		00E356F61AD99517003FC87E /* Debug */ = {
			isa = XCBuildConfiguration;
			baseConfigurationReference = 5B7EB9410499542E8C5724F5 /* Pods-woodapp-woodappTests.debug.xcconfig */;
			buildSettings = {
				BUNDLE_LOADER = "$(TEST_HOST)";
				GCC_PREPROCESSOR_DEFINITIONS = (
					"DEBUG=1",
					"$(inherited)",
				);
				INFOPLIST_FILE = woodappTests/Info.plist;
				IPHONEOS_DEPLOYMENT_TARGET = 15.1;
				LD_RUNPATH_SEARCH_PATHS = (
					"$(inherited)",
					"@executable_path/Frameworks",
					"@loader_path/Frameworks",
				);
				OTHER_LDFLAGS = (
					"-ObjC",
					"-lc++",
					"$(inherited)",
				);
				PRODUCT_BUNDLE_IDENTIFIER = "org.reactjs.native.example.$(PRODUCT_NAME:rfc1034identifier)";
				PRODUCT_NAME = "$(TARGET_NAME)";
				TEST_HOST = "$(BUILT_PRODUCTS_DIR)/woodapp.app/woodapp";
			};
			name = Debug;
		};
		00E356F71AD99517003FC87E /* Release */ = {
			isa = XCBuildConfiguration;
			baseConfigurationReference = 89C6BE57DB24E9ADA2F236DE /* Pods-woodapp-woodappTests.release.xcconfig */;
			buildSettings = {
				BUNDLE_LOADER = "$(TEST_HOST)";
				COPY_PHASE_STRIP = NO;
				INFOPLIST_FILE = woodappTests/Info.plist;
				IPHONEOS_DEPLOYMENT_TARGET = 15.1;
				LD_RUNPATH_SEARCH_PATHS = (
					"$(inherited)",
					"@executable_path/Frameworks",
					"@loader_path/Frameworks",
				);
				OTHER_LDFLAGS = (
					"-ObjC",
					"-lc++",
					"$(inherited)",
				);
				PRODUCT_BUNDLE_IDENTIFIER = "org.reactjs.native.example.$(PRODUCT_NAME:rfc1034identifier)";
				PRODUCT_NAME = "$(TARGET_NAME)";
				TEST_HOST = "$(BUILT_PRODUCTS_DIR)/woodapp.app/woodapp";
			};
			name = Release;
		};
		13B07F941A680F5B00A75B9A /* Debug */ = {
			isa = XCBuildConfiguration;
			baseConfigurationReference = 3B4392A12AC88292D35C810B /* Pods-woodapp.debug.xcconfig */;
			buildSettings = {
				ASSETCATALOG_COMPILER_APPICON_NAME = AppIcon;
				CLANG_ENABLE_MODULES = YES;
				CURRENT_PROJECT_VERSION = 1;
				ENABLE_BITCODE = NO;
				INFOPLIST_FILE = woodapp/Info.plist;
				IPHONEOS_DEPLOYMENT_TARGET = 15.1;
				LD_RUNPATH_SEARCH_PATHS = (
					"$(inherited)",
					"@executable_path/Frameworks",
				);
				MARKETING_VERSION = 1.0;
				OTHER_LDFLAGS = (
					"$(inherited)",
					"-ObjC",
					"-lc++",
				);
				PRODUCT_BUNDLE_IDENTIFIER = "org.reactjs.native.example.$(PRODUCT_NAME:rfc1034identifier)";
				PRODUCT_NAME = woodapp;
				SWIFT_OPTIMIZATION_LEVEL = "-Onone";
				SWIFT_VERSION = 5.0;
				VERSIONING_SYSTEM = "apple-generic";
			};
			name = Debug;
		};
		13B07F951A680F5B00A75B9A /* Release */ = {
			isa = XCBuildConfiguration;
			baseConfigurationReference = 5709B34CF0A7D63546082F79 /* Pods-woodapp.release.xcconfig */;
			buildSettings = {
				ASSETCATALOG_COMPILER_APPICON_NAME = AppIcon;
				CLANG_ENABLE_MODULES = YES;
				CURRENT_PROJECT_VERSION = 1;
				INFOPLIST_FILE = woodapp/Info.plist;
				IPHONEOS_DEPLOYMENT_TARGET = 15.1;
				LD_RUNPATH_SEARCH_PATHS = (
					"$(inherited)",
					"@executable_path/Frameworks",
				);
				MARKETING_VERSION = 1.0;
				OTHER_LDFLAGS = (
					"$(inherited)",
					"-ObjC",
					"-lc++",
				);
				PRODUCT_BUNDLE_IDENTIFIER = "org.reactjs.native.example.$(PRODUCT_NAME:rfc1034identifier)";
				PRODUCT_NAME = woodapp;
				SWIFT_VERSION = 5.0;
				VERSIONING_SYSTEM = "apple-generic";
			};
			name = Release;
		};
		83CBBA201A601CBA00E9B192 /* Debug */ = {
			isa = XCBuildConfiguration;
			buildSettings = {
				ALWAYS_SEARCH_USER_PATHS = NO;
				CLANG_ANALYZER_LOCALIZABILITY_NONLOCALIZED = YES;
				CLANG_CXX_LANGUAGE_STANDARD = "c++20";
				CLANG_CXX_LIBRARY = "libc++";
				CLANG_ENABLE_MODULES = YES;
				CLANG_ENABLE_OBJC_ARC = YES;
				CLANG_WARN_BLOCK_CAPTURE_AUTORELEASING = YES;
				CLANG_WARN_BOOL_CONVERSION = YES;
				CLANG_WARN_COMMA = YES;
				CLANG_WARN_CONSTANT_CONVERSION = YES;
				CLANG_WARN_DEPRECATED_OBJC_IMPLEMENTATIONS = YES;
				CLANG_WARN_DIRECT_OBJC_ISA_USAGE = YES_ERROR;
				CLANG_WARN_EMPTY_BODY = YES;
				CLANG_WARN_ENUM_CONVERSION = YES;
				CLANG_WARN_INFINITE_RECURSION = YES;
				CLANG_WARN_INT_CONVERSION = YES;
				CLANG_WARN_NON_LITERAL_NULL_CONVERSION = YES;
				CLANG_WARN_OBJC_IMPLICIT_RETAIN_SELF = YES;
				CLANG_WARN_OBJC_LITERAL_CONVERSION = YES;
				CLANG_WARN_OBJC_ROOT_CLASS = YES_ERROR;
				CLANG_WARN_QUOTED_INCLUDE_IN_FRAMEWORK_HEADER = YES;
				CLANG_WARN_RANGE_LOOP_ANALYSIS = YES;
				CLANG_WARN_STRICT_PROTOTYPES = YES;
				CLANG_WARN_SUSPICIOUS_MOVE = YES;
				CLANG_WARN_UNREACHABLE_CODE = YES;
				CLANG_WARN__DUPLICATE_METHOD_MATCH = YES;
				"CODE_SIGN_IDENTITY[sdk=iphoneos*]" = "iPhone Developer";
				COPY_PHASE_STRIP = NO;
				ENABLE_STRICT_OBJC_MSGSEND = YES;
				ENABLE_TESTABILITY = YES;
				"EXCLUDED_ARCHS[sdk=iphonesimulator*]" = "";
				GCC_C_LANGUAGE_STANDARD = gnu99;
				GCC_DYNAMIC_NO_PIC = NO;
				GCC_NO_COMMON_BLOCKS = YES;
				GCC_OPTIMIZATION_LEVEL = 0;
				GCC_PREPROCESSOR_DEFINITIONS = (
					"DEBUG=1",
					"$(inherited)",
				);
				GCC_SYMBOLS_PRIVATE_EXTERN = NO;
				GCC_WARN_64_TO_32_BIT_CONVERSION = YES;
				GCC_WARN_ABOUT_RETURN_TYPE = YES_ERROR;
				GCC_WARN_UNDECLARED_SELECTOR = YES;
				GCC_WARN_UNINITIALIZED_AUTOS = YES_AGGRESSIVE;
				GCC_WARN_UNUSED_FUNCTION = YES;
				GCC_WARN_UNUSED_VARIABLE = YES;
				IPHONEOS_DEPLOYMENT_TARGET = 15.1;
				LD_RUNPATH_SEARCH_PATHS = (
					/usr/lib/swift,
					"$(inherited)",
				);
				LIBRARY_SEARCH_PATHS = (
					"\"$(SDKROOT)/usr/lib/swift\"",
					"\"$(TOOLCHAIN_DIR)/usr/lib/swift/$(PLATFORM_NAME)\"",
					"\"$(inherited)\"",
				);
				MTL_ENABLE_DEBUG_INFO = YES;
				ONLY_ACTIVE_ARCH = YES;
				OTHER_CPLUSPLUSFLAGS = (
					"$(OTHER_CFLAGS)",
					"-DFOLLY_NO_CONFIG",
					"-DFOLLY_MOBILE=1",
					"-DFOLLY_USE_LIBCPP=1",
					"-DFOLLY_CFG_NO_COROUTINES=1",
					"-DFOLLY_HAVE_CLOCK_GETTIME=1",
				);
				SDKROOT = iphoneos;
			};
			name = Debug;
		};
		83CBBA211A601CBA00E9B192 /* Release */ = {
			isa = XCBuildConfiguration;
			buildSettings = {
				ALWAYS_SEARCH_USER_PATHS = NO;
				CLANG_ANALYZER_LOCALIZABILITY_NONLOCALIZED = YES;
				CLANG_CXX_LANGUAGE_STANDARD = "c++20";
				CLANG_CXX_LIBRARY = "libc++";
				CLANG_ENABLE_MODULES = YES;
				CLANG_ENABLE_OBJC_ARC = YES;
				CLANG_WARN_BLOCK_CAPTURE_AUTORELEASING = YES;
				CLANG_WARN_BOOL_CONVERSION = YES;
				CLANG_WARN_COMMA = YES;
				CLANG_WARN_CONSTANT_CONVERSION = YES;
				CLANG_WARN_DEPRECATED_OBJC_IMPLEMENTATIONS = YES;
				CLANG_WARN_DIRECT_OBJC_ISA_USAGE = YES_ERROR;
				CLANG_WARN_EMPTY_BODY = YES;
				CLANG_WARN_ENUM_CONVERSION = YES;
				CLANG_WARN_INFINITE_RECURSION = YES;
				CLANG_WARN_INT_CONVERSION = YES;
				CLANG_WARN_NON_LITERAL_NULL_CONVERSION = YES;
				CLANG_WARN_OBJC_IMPLICIT_RETAIN_SELF = YES;
				CLANG_WARN_OBJC_LITERAL_CONVERSION = YES;
				CLANG_WARN_OBJC_ROOT_CLASS = YES_ERROR;
				CLANG_WARN_QUOTED_INCLUDE_IN_FRAMEWORK_HEADER = YES;
				CLANG_WARN_RANGE_LOOP_ANALYSIS = YES;
				CLANG_WARN_STRICT_PROTOTYPES = YES;
				CLANG_WARN_SUSPICIOUS_MOVE = YES;
				CLANG_WARN_UNREACHABLE_CODE = YES;
				CLANG_WARN__DUPLICATE_METHOD_MATCH = YES;
				"CODE_SIGN_IDENTITY[sdk=iphoneos*]" = "iPhone Developer";
				COPY_PHASE_STRIP = YES;
				ENABLE_NS_ASSERTIONS = NO;
				ENABLE_STRICT_OBJC_MSGSEND = YES;
				"EXCLUDED_ARCHS[sdk=iphonesimulator*]" = "";
				GCC_C_LANGUAGE_STANDARD = gnu99;
				GCC_NO_COMMON_BLOCKS = YES;
				GCC_WARN_64_TO_32_BIT_CONVERSION = YES;
				GCC_WARN_ABOUT_RETURN_TYPE = YES_ERROR;
				GCC_WARN_UNDECLARED_SELECTOR = YES;
				GCC_WARN_UNINITIALIZED_AUTOS = YES_AGGRESSIVE;
				GCC_WARN_UNUSED_FUNCTION = YES;
				GCC_WARN_UNUSED_VARIABLE = YES;
				IPHONEOS_DEPLOYMENT_TARGET = 15.1;
				LD_RUNPATH_SEARCH_PATHS = (
					/usr/lib/swift,
					"$(inherited)",
				);
				LIBRARY_SEARCH_PATHS = (
					"\"$(SDKROOT)/usr/lib/swift\"",
					"\"$(TOOLCHAIN_DIR)/usr/lib/swift/$(PLATFORM_NAME)\"",
					"\"$(inherited)\"",
				);
				MTL_ENABLE_DEBUG_INFO = NO;
				OTHER_CPLUSPLUSFLAGS = (
					"$(OTHER_CFLAGS)",
					"-DFOLLY_NO_CONFIG",
					"-DFOLLY_MOBILE=1",
					"-DFOLLY_USE_LIBCPP=1",
					"-DFOLLY_CFG_NO_COROUTINES=1",
					"-DFOLLY_HAVE_CLOCK_GETTIME=1",
				);
				SDKROOT = iphoneos;
				VALIDATE_PRODUCT = YES;
			};
			name = Release;
		};
/* End XCBuildConfiguration section */

/* Begin XCConfigurationList section */
		00E357021AD99517003FC87E /* Build configuration list for PBXNativeTarget "woodappTests" */ = {
			isa = XCConfigurationList;
			buildConfigurations = (
				00E356F61AD99517003FC87E /* Debug */,
				00E356F71AD99517003FC87E /* Release */,
			);
			defaultConfigurationIsVisible = 0;
			defaultConfigurationName = Release;
		};
		13B07F931A680F5B00A75B9A /* Build configuration list for PBXNativeTarget "woodapp" */ = {
			isa = XCConfigurationList;
			buildConfigurations = (
				13B07F941A680F5B00A75B9A /* Debug */,
				13B07F951A680F5B00A75B9A /* Release */,
			);
			defaultConfigurationIsVisible = 0;
			defaultConfigurationName = Release;
		};
		83CBB9FA1A601CBA00E9B192 /* Build configuration list for PBXProject "woodapp" */ = {
			isa = XCConfigurationList;
			buildConfigurations = (
				83CBBA201A601CBA00E9B192 /* Debug */,
				83CBBA211A601CBA00E9B192 /* Release */,
			);
			defaultConfigurationIsVisible = 0;
			defaultConfigurationName = Release;
		};
/* End XCConfigurationList section */
	};
	rootObject = 83CBB9F71A601CBA00E9B192 /* Project object */;
}
